[[package]]
name = "pseudo-vrf-contract"
source = "member"
dependencies = [
    "std",
    "vrf_abi",
]

[[package]]
name = "std"
source = "git+https://github.com/fuellabs/sway?tag=v0.68.0#cbe8005a2388ec481d557aa4a58d7df96be9cad0"

[[package]]
name = "vrf_abi"
source = "path+from-root-045CABE95DEB8EA6"
dependencies = ["std"]
